
Microsoft Visual Studio Solution File, Format Version 12.00
# Visual Studio Version 16
VisualStudioVersion = 16.0.31624.102
MinimumVisualStudioVersion = 10.0.40219.1
Project("{FAE04EC0-301F-11D3-BF4B-00C04F79EFBC}") = "Курсовая_работа", "Курсовая_работа\Курсовая_работа.csproj", "{9DC74ECF-7C77-4F7F-8263-9C6F27120F4F}"
EndProject
Global
	GlobalSection(SolutionConfigurationPlatforms) = preSolution
		Debug|Any CPU = Debug|Any CPU
		Release|Any CPU = Release|Any CPU
	EndGlobalSection
	GlobalSection(ProjectConfigurationPlatforms) = postSolution
		{9DC74ECF-7C77-4F7F-8263-9C6F27120F4F}.Debug|Any CPU.ActiveCfg = Debug|Any CPU
		{9DC74ECF-7C77-4F7F-8263-9C6F27120F4F}.Debug|Any CPU.Build.0 = Debug|Any CPU
		{9DC74ECF-7C77-4F7F-8263-9C6F27120F4F}.Release|Any CPU.ActiveCfg = Release|Any CPU
		{9DC74ECF-7C77-4F7F-8263-9C6F27120F4F}.Release|Any CPU.Build.0 = Release|Any CPU
	EndGlobalSection
	GlobalSection(SolutionProperties) = preSolution
		HideSolutionNode = FALSE
	EndGlobalSection
	GlobalSection(ExtensibilityGlobals) = postSolution
		SolutionGuid = {F66E1C9D-BF80-4E70-ACD5-A94C0F524561}
	EndGlobalSection
EndGlobal
